
Microsoft Visual Studio Solution File, Format Version 12.00
# Visual Studio Version 17
VisualStudioVersion = 17.9.34714.143
MinimumVisualStudioVersion = 10.0.40219.1
Project("{FAE04EC0-301F-11D3-BF4B-00C04F79EFBC}") = "ConvesaoMoedas", "ConvesaoMoedas\ConvesaoMoedas.csproj", "{C465CD52-FE80-44A2-B957-3BB14C4FF3E0}"
EndProject
Project("{FAE04EC0-301F-11D3-BF4B-00C04F79EFBC}") = "ConvesorMoedas.Dominio", "ConvesorMoedas.Dominio\ConvesorMoedas.Dominio.csproj", "{D11A6ED2-A287-491E-8BDC-55C6B7DD0B6A}"
EndProject
Global
	GlobalSection(SolutionConfigurationPlatforms) = preSolution
		Debug|Any CPU = Debug|Any CPU
		Release|Any CPU = Release|Any CPU
	EndGlobalSection
	GlobalSection(ProjectConfigurationPlatforms) = postSolution
		{C465CD52-FE80-44A2-B957-3BB14C4FF3E0}.Debug|Any CPU.ActiveCfg = Debug|Any CPU
		{C465CD52-FE80-44A2-B957-3BB14C4FF3E0}.Debug|Any CPU.Build.0 = Debug|Any CPU
		{C465CD52-FE80-44A2-B957-3BB14C4FF3E0}.Release|Any CPU.ActiveCfg = Release|Any CPU
		{C465CD52-FE80-44A2-B957-3BB14C4FF3E0}.Release|Any CPU.Build.0 = Release|Any CPU
		{D11A6ED2-A287-491E-8BDC-55C6B7DD0B6A}.Debug|Any CPU.ActiveCfg = Debug|Any CPU
		{D11A6ED2-A287-491E-8BDC-55C6B7DD0B6A}.Debug|Any CPU.Build.0 = Debug|Any CPU
		{D11A6ED2-A287-491E-8BDC-55C6B7DD0B6A}.Release|Any CPU.ActiveCfg = Release|Any CPU
		{D11A6ED2-A287-491E-8BDC-55C6B7DD0B6A}.Release|Any CPU.Build.0 = Release|Any CPU
	EndGlobalSection
	GlobalSection(SolutionProperties) = preSolution
		HideSolutionNode = FALSE
	EndGlobalSection
	GlobalSection(ExtensibilityGlobals) = postSolution
		SolutionGuid = {619DB687-6DEE-4A6E-BBAB-56740E1C651D}
	EndGlobalSection
EndGlobal
